PODS:
  - PokemonKit (3.0.0):
    - PromiseKit (~> 6.8)
  - PromiseKit (6.8.4):
    - PromiseKit/CorePromise (= 6.8.4)
    - PromiseKit/Foundation (= 6.8.4)
    - PromiseKit/UIKit (= 6.8.4)
  - PromiseKit/CorePromise (6.8.4)
  - PromiseKit/Foundation (6.8.4):
    - PromiseKit/CorePromise
  - PromiseKit/UIKit (6.8.4):
    - PromiseKit/CorePromise

DEPENDENCIES:
  - PokemonKit (from `../`)

SPEC REPOS:
  https://github.com/cocoapods/specs.git:
    - PromiseKit

EXTERNAL SOURCES:
  PokemonKit:
    :path: "../"

SPEC CHECKSUMS:
  PokemonKit: b3b36e2b62088c54ab8bd4027e85eb6ea3df199c
  PromiseKit: 51794a832647e7b819336dc2279039ce9f1cc49b

PODFILE CHECKSUM: cab145f5c18823d5fff1114c0f25a7ef2cb20d72

COCOAPODS: 1.5.3
