PODS:
  - Alamofire (3.4.1)
  - AlamofireObjectMapper (2.1.2):
    - Alamofire (~> 3.2)
    - ObjectMapper (~> 1.0)
  - ObjectMapper (1.3.0)
  - PokemonKit (1.0.2):
    - Alamofire (~> 3.0)
    - AlamofireObjectMapper (~> 2.1)

DEPENDENCIES:
  - PokemonKit (from `../`)

EXTERNAL SOURCES:
  PokemonKit:
    :path: ../

SPEC CHECKSUMS:
  Alamofire: 01a82e2f6c0f860ade35534c8dd88be61bdef40c
  AlamofireObjectMapper: 82391c31f23e37bdb2660da174bcf81b202da39d
  ObjectMapper: 4eb08a726e9791a93b2632049951b56a7c17e471
  PokemonKit: bb2e57fa81c1aff1cde28867a6d860f636e550fe

PODFILE CHECKSUM: 9f9664916892a0cb09dd87f24ca96219fba90699

COCOAPODS: 1.0.0
