// !$*UTF8*$!
{
	archiveVersion = 1;
	classes = {
	};
	objectVersion = 46;
	objects = {

/* Begin PBXBuildFile section */
		55AB2B50A918CA93980710A5 /* Pods_PokemonKit_Example.framework in Frameworks */ = {isa = PBXBuildFile; fileRef = 4C4DD2BB8BD710B7E93EDEA8 /* Pods_PokemonKit_Example.framework */; };
		7412E01A1D58E3B30086DD94 /* AppDelegate.swift in Sources */ = {isa = PBXBuildFile; fileRef = 7412E0191D58E3B30086DD94 /* AppDelegate.swift */; };
		7412E01C1D58E3B30086DD94 /* ViewController.swift in Sources */ = {isa = PBXBuildFile; fileRef = 7412E01B1D58E3B30086DD94 /* ViewController.swift */; };
		7412E01F1D58E3B30086DD94 /* Main.storyboard in Resources */ = {isa = PBXBuildFile; fileRef = 7412E01D1D58E3B30086DD94 /* Main.storyboard */; };
		7412E0211D58E3B30086DD94 /* Assets.xcassets in Resources */ = {isa = PBXBuildFile; fileRef = 7412E0201D58E3B30086DD94 /* Assets.xcassets */; };
		7412E0241D58E3B30086DD94 /* LaunchScreen.storyboard in Resources */ = {isa = PBXBuildFile; fileRef = 7412E0221D58E3B30086DD94 /* LaunchScreen.storyboard */; };
		7412E02F1D58E3B30086DD94 /* PokemonKit_ExampleTests.swift in Sources */ = {isa = PBXBuildFile; fileRef = 7412E02E1D58E3B30086DD94 /* PokemonKit_ExampleTests.swift */; };
		7412E03A1D58E3B30086DD94 /* PokemonKit_ExampleUITests.swift in Sources */ = {isa = PBXBuildFile; fileRef = 7412E0391D58E3B30086DD94 /* PokemonKit_ExampleUITests.swift */; };
/* End PBXBuildFile section */

/* Begin PBXContainerItemProxy section */
		7412E02B1D58E3B30086DD94 /* PBXContainerItemProxy */ = {
			isa = PBXContainerItemProxy;
			containerPortal = 7412E00E1D58E3B30086DD94 /* Project object */;
			proxyType = 1;
			remoteGlobalIDString = 7412E0151D58E3B30086DD94;
			remoteInfo = "PokemonKit-Example";
		};
		7412E0361D58E3B30086DD94 /* PBXContainerItemProxy */ = {
			isa = PBXContainerItemProxy;
			containerPortal = 7412E00E1D58E3B30086DD94 /* Project object */;
			proxyType = 1;
			remoteGlobalIDString = 7412E0151D58E3B30086DD94;
			remoteInfo = "PokemonKit-Example";
		};
/* End PBXContainerItemProxy section */

/* Begin PBXFileReference section */
		4C4DD2BB8BD710B7E93EDEA8 /* Pods_PokemonKit_Example.framework */ = {isa = PBXFileReference; explicitFileType = wrapper.framework; includeInIndex = 0; path = Pods_PokemonKit_Example.framework; sourceTree = BUILT_PRODUCTS_DIR; };
		72FFC05BE2E43CAB797CEBA3 /* Pods-PokemonKit-Example.debug.xcconfig */ = {isa = PBXFileReference; includeInIndex = 1; lastKnownFileType = text.xcconfig; name = "Pods-PokemonKit-Example.debug.xcconfig"; path = "Pods/Target Support Files/Pods-PokemonKit-Example/Pods-PokemonKit-Example.debug.xcconfig"; sourceTree = "<group>"; };
		7412E0161D58E3B30086DD94 /* PokemonKit-Example.app */ = {isa = PBXFileReference; explicitFileType = wrapper.application; includeInIndex = 0; path = "PokemonKit-Example.app"; sourceTree = BUILT_PRODUCTS_DIR; };
		7412E0191D58E3B30086DD94 /* AppDelegate.swift */ = {isa = PBXFileReference; lastKnownFileType = sourcecode.swift; path = AppDelegate.swift; sourceTree = "<group>"; };
		7412E01B1D58E3B30086DD94 /* ViewController.swift */ = {isa = PBXFileReference; lastKnownFileType = sourcecode.swift; path = ViewController.swift; sourceTree = "<group>"; };
		7412E01E1D58E3B30086DD94 /* Base */ = {isa = PBXFileReference; lastKnownFileType = file.storyboard; name = Base; path = Base.lproj/Main.storyboard; sourceTree = "<group>"; };
		7412E0201D58E3B30086DD94 /* Assets.xcassets */ = {isa = PBXFileReference; lastKnownFileType = folder.assetcatalog; path = Assets.xcassets; sourceTree = "<group>"; };
		7412E0231D58E3B30086DD94 /* Base */ = {isa = PBXFileReference; lastKnownFileType = file.storyboard; name = Base; path = Base.lproj/LaunchScreen.storyboard; sourceTree = "<group>"; };
		7412E0251D58E3B30086DD94 /* Info.plist */ = {isa = PBXFileReference; lastKnownFileType = text.plist.xml; path = Info.plist; sourceTree = "<group>"; };
		7412E02A1D58E3B30086DD94 /* PokemonKit-ExampleTests.xctest */ = {isa = PBXFileReference; explicitFileType = wrapper.cfbundle; includeInIndex = 0; path = "PokemonKit-ExampleTests.xctest"; sourceTree = BUILT_PRODUCTS_DIR; };
		7412E02E1D58E3B30086DD94 /* PokemonKit_ExampleTests.swift */ = {isa = PBXFileReference; lastKnownFileType = sourcecode.swift; path = PokemonKit_ExampleTests.swift; sourceTree = "<group>"; };
		7412E0301D58E3B30086DD94 /* Info.plist */ = {isa = PBXFileReference; lastKnownFileType = text.plist.xml; path = Info.plist; sourceTree = "<group>"; };
		7412E0351D58E3B30086DD94 /* PokemonKit-ExampleUITests.xctest */ = {isa = PBXFileReference; explicitFileType = wrapper.cfbundle; includeInIndex = 0; path = "PokemonKit-ExampleUITests.xctest"; sourceTree = BUILT_PRODUCTS_DIR; };
		7412E0391D58E3B30086DD94 /* PokemonKit_ExampleUITests.swift */ = {isa = PBXFileReference; lastKnownFileType = sourcecode.swift; path = PokemonKit_ExampleUITests.swift; sourceTree = "<group>"; };
		7412E03B1D58E3B30086DD94 /* Info.plist */ = {isa = PBXFileReference; lastKnownFileType = text.plist.xml; path = Info.plist; sourceTree = "<group>"; };
		D0B6E3CE15B727DAA3964B16 /* Pods-PokemonKit-Example.release.xcconfig */ = {isa = PBXFileReference; includeInIndex = 1; lastKnownFileType = text.xcconfig; name = "Pods-PokemonKit-Example.release.xcconfig"; path = "Pods/Target Support Files/Pods-PokemonKit-Example/Pods-PokemonKit-Example.release.xcconfig"; sourceTree = "<group>"; };
/* End PBXFileReference section */

/* Begin PBXFrameworksBuildPhase section */
		7412E0131D58E3B30086DD94 /* Frameworks */ = {
			isa = PBXFrameworksBuildPhase;
			buildActionMask = 2147483647;
			files = (
				55AB2B50A918CA93980710A5 /* Pods_PokemonKit_Example.framework in Frameworks */,
			);
			runOnlyForDeploymentPostprocessing = 0;
		};
		7412E0271D58E3B30086DD94 /* Frameworks */ = {
			isa = PBXFrameworksBuildPhase;
			buildActionMask = 2147483647;
			files = (
			);
			runOnlyForDeploymentPostprocessing = 0;
		};
		7412E0321D58E3B30086DD94 /* Frameworks */ = {
			isa = PBXFrameworksBuildPhase;
			buildActionMask = 2147483647;
			files = (
			);
			runOnlyForDeploymentPostprocessing = 0;
		};
/* End PBXFrameworksBuildPhase section */

/* Begin PBXGroup section */
		7412E00D1D58E3B30086DD94 = {
			isa = PBXGroup;
			children = (
				7412E0181D58E3B30086DD94 /* PokemonKit-Example */,
				7412E02D1D58E3B30086DD94 /* PokemonKit-ExampleTests */,
				7412E0381D58E3B30086DD94 /* PokemonKit-ExampleUITests */,
				7412E0171D58E3B30086DD94 /* Products */,
				C552733D70BD728A80F6E44B /* Pods */,
				9DC2CDBB70563801B658AE52 /* Frameworks */,
			);
			sourceTree = "<group>";
		};
		7412E0171D58E3B30086DD94 /* Products */ = {
			isa = PBXGroup;
			children = (
				7412E0161D58E3B30086DD94 /* PokemonKit-Example.app */,
				7412E02A1D58E3B30086DD94 /* PokemonKit-ExampleTests.xctest */,
				7412E0351D58E3B30086DD94 /* PokemonKit-ExampleUITests.xctest */,
			);
			name = Products;
			sourceTree = "<group>";
		};
		7412E0181D58E3B30086DD94 /* PokemonKit-Example */ = {
			isa = PBXGroup;
			children = (
				7412E0191D58E3B30086DD94 /* AppDelegate.swift */,
				7412E01B1D58E3B30086DD94 /* ViewController.swift */,
				7412E01D1D58E3B30086DD94 /* Main.storyboard */,
				7412E0201D58E3B30086DD94 /* Assets.xcassets */,
				7412E0221D58E3B30086DD94 /* LaunchScreen.storyboard */,
				7412E0251D58E3B30086DD94 /* Info.plist */,
			);
			path = "PokemonKit-Example";
			sourceTree = "<group>";
		};
		7412E02D1D58E3B30086DD94 /* PokemonKit-ExampleTests */ = {
			isa = PBXGroup;
			children = (
				7412E02E1D58E3B30086DD94 /* PokemonKit_ExampleTests.swift */,
				7412E0301D58E3B30086DD94 /* Info.plist */,
			);
			path = "PokemonKit-ExampleTests";
			sourceTree = "<group>";
		};
		7412E0381D58E3B30086DD94 /* PokemonKit-ExampleUITests */ = {
			isa = PBXGroup;
			children = (
				7412E0391D58E3B30086DD94 /* PokemonKit_ExampleUITests.swift */,
				7412E03B1D58E3B30086DD94 /* Info.plist */,
			);
			path = "PokemonKit-ExampleUITests";
			sourceTree = "<group>";
		};
		9DC2CDBB70563801B658AE52 /* Frameworks */ = {
			isa = PBXGroup;
			children = (
				4C4DD2BB8BD710B7E93EDEA8 /* Pods_PokemonKit_Example.framework */,
			);
			name = Frameworks;
			sourceTree = "<group>";
		};
		C552733D70BD728A80F6E44B /* Pods */ = {
			isa = PBXGroup;
			children = (
				72FFC05BE2E43CAB797CEBA3 /* Pods-PokemonKit-Example.debug.xcconfig */,
				D0B6E3CE15B727DAA3964B16 /* Pods-PokemonKit-Example.release.xcconfig */,
			);
			name = Pods;
			sourceTree = "<group>";
		};
/* End PBXGroup section */

/* Begin PBXNativeTarget section */
		7412E0151D58E3B30086DD94 /* PokemonKit-Example */ = {
			isa = PBXNativeTarget;
			buildConfigurationList = 7412E03E1D58E3B30086DD94 /* Build configuration list for PBXNativeTarget "PokemonKit-Example" */;
			buildPhases = (
				D7B0CFB9A87F3C46909F3E46 /* [CP] Check Pods Manifest.lock */,
				7412E0121D58E3B30086DD94 /* Sources */,
				7412E0131D58E3B30086DD94 /* Frameworks */,
				7412E0141D58E3B30086DD94 /* Resources */,
				02141F7D706869BBEDE606C3 /* [CP] Embed Pods Frameworks */,
			);
			buildRules = (
			);
			dependencies = (
			);
			name = "PokemonKit-Example";
			productName = "PokemonKit-Example";
			productReference = 7412E0161D58E3B30086DD94 /* PokemonKit-Example.app */;
			productType = "com.apple.product-type.application";
		};
		7412E0291D58E3B30086DD94 /* PokemonKit-ExampleTests */ = {
			isa = PBXNativeTarget;
			buildConfigurationList = 7412E0411D58E3B30086DD94 /* Build configuration list for PBXNativeTarget "PokemonKit-ExampleTests" */;
			buildPhases = (
				7412E0261D58E3B30086DD94 /* Sources */,
				7412E0271D58E3B30086DD94 /* Frameworks */,
				7412E0281D58E3B30086DD94 /* Resources */,
			);
			buildRules = (
			);
			dependencies = (
				7412E02C1D58E3B30086DD94 /* PBXTargetDependency */,
			);
			name = "PokemonKit-ExampleTests";
			productName = "PokemonKit-ExampleTests";
			productReference = 7412E02A1D58E3B30086DD94 /* PokemonKit-ExampleTests.xctest */;
			productType = "com.apple.product-type.bundle.unit-test";
		};
		7412E0341D58E3B30086DD94 /* PokemonKit-ExampleUITests */ = {
			isa = PBXNativeTarget;
			buildConfigurationList = 7412E0441D58E3B30086DD94 /* Build configuration list for PBXNativeTarget "PokemonKit-ExampleUITests" */;
			buildPhases = (
				7412E0311D58E3B30086DD94 /* Sources */,
				7412E0321D58E3B30086DD94 /* Frameworks */,
				7412E0331D58E3B30086DD94 /* Resources */,
			);
			buildRules = (
			);
			dependencies = (
				7412E0371D58E3B30086DD94 /* PBXTargetDependency */,
			);
			name = "PokemonKit-ExampleUITests";
			productName = "PokemonKit-ExampleUITests";
			productReference = 7412E0351D58E3B30086DD94 /* PokemonKit-ExampleUITests.xctest */;
			productType = "com.apple.product-type.bundle.ui-testing";
		};
/* End PBXNativeTarget section */

/* Begin PBXProject section */
		7412E00E1D58E3B30086DD94 /* Project object */ = {
			isa = PBXProject;
			attributes = {
				LastSwiftUpdateCheck = 0730;
				LastUpgradeCheck = 1010;
				ORGANIZATIONNAME = "Yeung Yiu Hung";
				TargetAttributes = {
					7412E0151D58E3B30086DD94 = {
						CreatedOnToolsVersion = 7.3.1;
						LastSwiftMigration = 0810;
					};
					7412E0291D58E3B30086DD94 = {
						CreatedOnToolsVersion = 7.3.1;
						LastSwiftMigration = 0810;
						TestTargetID = 7412E0151D58E3B30086DD94;
					};
					7412E0341D58E3B30086DD94 = {
						CreatedOnToolsVersion = 7.3.1;
						LastSwiftMigration = 0810;
						TestTargetID = 7412E0151D58E3B30086DD94;
					};
				};
			};
			buildConfigurationList = 7412E0111D58E3B30086DD94 /* Build configuration list for PBXProject "PokemonKit-Example" */;
			compatibilityVersion = "Xcode 3.2";
			developmentRegion = English;
			hasScannedForEncodings = 0;
			knownRegions = (
				en,
				Base,
			);
			mainGroup = 7412E00D1D58E3B30086DD94;
			productRefGroup = 7412E0171D58E3B30086DD94 /* Products */;
			projectDirPath = "";
			projectRoot = "";
			targets = (
				7412E0151D58E3B30086DD94 /* PokemonKit-Example */,
				7412E0291D58E3B30086DD94 /* PokemonKit-ExampleTests */,
				7412E0341D58E3B30086DD94 /* PokemonKit-ExampleUITests */,
			);
		};
/* End PBXProject section */

/* Begin PBXResourcesBuildPhase section */
		7412E0141D58E3B30086DD94 /* Resources */ = {
			isa = PBXResourcesBuildPhase;
			buildActionMask = 2147483647;
			files = (
				7412E0241D58E3B30086DD94 /* LaunchScreen.storyboard in Resources */,
				7412E0211D58E3B30086DD94 /* Assets.xcassets in Resources */,
				7412E01F1D58E3B30086DD94 /* Main.storyboard in Resources */,
			);
			runOnlyForDeploymentPostprocessing = 0;
		};
		7412E0281D58E3B30086DD94 /* Resources */ = {
			isa = PBXResourcesBuildPhase;
			buildActionMask = 2147483647;
			files = (
			);
			runOnlyForDeploymentPostprocessing = 0;
		};
		7412E0331D58E3B30086DD94 /* Resources */ = {
			isa = PBXResourcesBuildPhase;
			buildActionMask = 2147483647;
			files = (
			);
			runOnlyForDeploymentPostprocessing = 0;
		};
/* End PBXResourcesBuildPhase section */

/* Begin PBXShellScriptBuildPhase section */
		02141F7D706869BBEDE606C3 /* [CP] Embed Pods Frameworks */ = {
			isa = PBXShellScriptBuildPhase;
			buildActionMask = 2147483647;
			files = (
			);
			inputPaths = (
				"${SRCROOT}/Pods/Target Support Files/Pods-PokemonKit-Example/Pods-PokemonKit-Example-frameworks.sh",
				"${BUILT_PRODUCTS_DIR}/PokemonKit/PokemonKit.framework",
				"${BUILT_PRODUCTS_DIR}/PromiseKit/PromiseKit.framework",
			);
			name = "[CP] Embed Pods Frameworks";
			outputPaths = (
				"${TARGET_BUILD_DIR}/${FRAMEWORKS_FOLDER_PATH}/PokemonKit.framework",
				"${TARGET_BUILD_DIR}/${FRAMEWORKS_FOLDER_PATH}/PromiseKit.framework",
			);
			runOnlyForDeploymentPostprocessing = 0;
			shellPath = /bin/sh;
			shellScript = "\"${SRCROOT}/Pods/Target Support Files/Pods-PokemonKit-Example/Pods-PokemonKit-Example-frameworks.sh\"\n";
			showEnvVarsInLog = 0;
		};
		D7B0CFB9A87F3C46909F3E46 /* [CP] Check Pods Manifest.lock */ = {
			isa = PBXShellScriptBuildPhase;
			buildActionMask = 2147483647;
			files = (
			);
			inputPaths = (
				"${PODS_PODFILE_DIR_PATH}/Podfile.lock",
				"${PODS_ROOT}/Manifest.lock",
			);
			name = "[CP] Check Pods Manifest.lock";
			outputPaths = (
				"$(DERIVED_FILE_DIR)/Pods-PokemonKit-Example-checkManifestLockResult.txt",
			);
			runOnlyForDeploymentPostprocessing = 0;
			shellPath = /bin/sh;
			shellScript = "diff \"${PODS_PODFILE_DIR_PATH}/Podfile.lock\" \"${PODS_ROOT}/Manifest.lock\" > /dev/null\nif [ $? != 0 ] ; then\n    # print error to STDERR\n    echo \"error: The sandbox is not in sync with the Podfile.lock. Run 'pod install' or update your CocoaPods installation.\" >&2\n    exit 1\nfi\n# This output is used by Xcode 'outputs' to avoid re-running this script phase.\necho \"SUCCESS\" > \"${SCRIPT_OUTPUT_FILE_0}\"\n";
			showEnvVarsInLog = 0;
		};
/* End PBXShellScriptBuildPhase section */

/* Begin PBXSourcesBuildPhase section */
		7412E0121D58E3B30086DD94 /* Sources */ = {
			isa = PBXSourcesBuildPhase;
			buildActionMask = 2147483647;
			files = (
				7412E01C1D58E3B30086DD94 /* ViewController.swift in Sources */,
				7412E01A1D58E3B30086DD94 /* AppDelegate.swift in Sources */,
			);
			runOnlyForDeploymentPostprocessing = 0;
		};
		7412E0261D58E3B30086DD94 /* Sources */ = {
			isa = PBXSourcesBuildPhase;
			buildActionMask = 2147483647;
			files = (
				7412E02F1D58E3B30086DD94 /* PokemonKit_ExampleTests.swift in Sources */,
			);
			runOnlyForDeploymentPostprocessing = 0;
		};
		7412E0311D58E3B30086DD94 /* Sources */ = {
			isa = PBXSourcesBuildPhase;
			buildActionMask = 2147483647;
			files = (
				7412E03A1D58E3B30086DD94 /* PokemonKit_ExampleUITests.swift in Sources */,
			);
			runOnlyForDeploymentPostprocessing = 0;
		};
/* End PBXSourcesBuildPhase section */

/* Begin PBXTargetDependency section */
		7412E02C1D58E3B30086DD94 /* PBXTargetDependency */ = {
			isa = PBXTargetDependency;
			target = 7412E0151D58E3B30086DD94 /* PokemonKit-Example */;
			targetProxy = 7412E02B1D58E3B30086DD94 /* PBXContainerItemProxy */;
		};
		7412E0371D58E3B30086DD94 /* PBXTargetDependency */ = {
			isa = PBXTargetDependency;
			target = 7412E0151D58E3B30086DD94 /* PokemonKit-Example */;
			targetProxy = 7412E0361D58E3B30086DD94 /* PBXContainerItemProxy */;
		};
/* End PBXTargetDependency section */

/* Begin PBXVariantGroup section */
		7412E01D1D58E3B30086DD94 /* Main.storyboard */ = {
			isa = PBXVariantGroup;
			children = (
				7412E01E1D58E3B30086DD94 /* Base */,
			);
			name = Main.storyboard;
			sourceTree = "<group>";
		};
		7412E0221D58E3B30086DD94 /* LaunchScreen.storyboard */ = {
			isa = PBXVariantGroup;
			children = (
				7412E0231D58E3B30086DD94 /* Base */,
			);
			name = LaunchScreen.storyboard;
			sourceTree = "<group>";
		};
/* End PBXVariantGroup section */

/* Begin XCBuildConfiguration section */
		7412E03C1D58E3B30086DD94 /* Debug */ = {
			isa = XCBuildConfiguration;
			buildSettings = {
				ALWAYS_SEARCH_USER_PATHS = NO;
				CLANG_ANALYZER_NONNULL = YES;
				CLANG_CXX_LANGUAGE_STANDARD = "gnu++0x";
				CLANG_CXX_LIBRARY = "libc++";
				CLANG_ENABLE_MODULES = YES;
				CLANG_ENABLE_OBJC_ARC = YES;
				CLANG_WARN_BLOCK_CAPTURE_AUTORELEASING = YES;
				CLANG_WARN_BOOL_CONVERSION = YES;
				CLANG_WARN_COMMA = YES;
				CLANG_WARN_CONSTANT_CONVERSION = YES;
				CLANG_WARN_DEPRECATED_OBJC_IMPLEMENTATIONS = YES;
				CLANG_WARN_DIRECT_OBJC_ISA_USAGE = YES_ERROR;
				CLANG_WARN_EMPTY_BODY = YES;
				CLANG_WARN_ENUM_CONVERSION = YES;
				CLANG_WARN_INFINITE_RECURSION = YES;
				CLANG_WARN_INT_CONVERSION = YES;
				CLANG_WARN_NON_LITERAL_NULL_CONVERSION = YES;
				CLANG_WARN_OBJC_IMPLICIT_RETAIN_SELF = YES;
				CLANG_WARN_OBJC_LITERAL_CONVERSION = YES;
				CLANG_WARN_OBJC_ROOT_CLASS = YES_ERROR;
				CLANG_WARN_RANGE_LOOP_ANALYSIS = YES;
				CLANG_WARN_STRICT_PROTOTYPES = YES;
				CLANG_WARN_SUSPICIOUS_MOVE = YES;
				CLANG_WARN_UNREACHABLE_CODE = YES;
				CLANG_WARN__DUPLICATE_METHOD_MATCH = YES;
				"CODE_SIGN_IDENTITY[sdk=iphoneos*]" = "iPhone Developer";
				COPY_PHASE_STRIP = NO;
				DEBUG_INFORMATION_FORMAT = dwarf;
				ENABLE_STRICT_OBJC_MSGSEND = YES;
				ENABLE_TESTABILITY = YES;
				GCC_C_LANGUAGE_STANDARD = gnu99;
				GCC_DYNAMIC_NO_PIC = NO;
				GCC_NO_COMMON_BLOCKS = YES;
				GCC_OPTIMIZATION_LEVEL = 0;
				GCC_PREPROCESSOR_DEFINITIONS = (
					"DEBUG=1",
					"$(inherited)",
				);
				GCC_WARN_64_TO_32_BIT_CONVERSION = YES;
				GCC_WARN_ABOUT_RETURN_TYPE = YES_ERROR;
				GCC_WARN_UNDECLARED_SELECTOR = YES;
				GCC_WARN_UNINITIALIZED_AUTOS = YES_AGGRESSIVE;
				GCC_WARN_UNUSED_FUNCTION = YES;
				GCC_WARN_UNUSED_VARIABLE = YES;
				IPHONEOS_DEPLOYMENT_TARGET = 12.0;
				MTL_ENABLE_DEBUG_INFO = YES;
				ONLY_ACTIVE_ARCH = YES;
				SDKROOT = iphoneos;
				SWIFT_OPTIMIZATION_LEVEL = "-Onone";
				TARGETED_DEVICE_FAMILY = "1,2";
			};
			name = Debug;
		};
		7412E03D1D58E3B30086DD94 /* Release */ = {
			isa = XCBuildConfiguration;
			buildSettings = {
				ALWAYS_SEARCH_USER_PATHS = NO;
				CLANG_ANALYZER_NONNULL = YES;
				CLANG_CXX_LANGUAGE_STANDARD = "gnu++0x";
				CLANG_CXX_LIBRARY = "libc++";
				CLANG_ENABLE_MODULES = YES;
				CLANG_ENABLE_OBJC_ARC = YES;
				CLANG_WARN_BLOCK_CAPTURE_AUTORELEASING = YES;
				CLANG_WARN_BOOL_CONVERSION = YES;
				CLANG_WARN_COMMA = YES;
				CLANG_WARN_CONSTANT_CONVERSION = YES;
				CLANG_WARN_DEPRECATED_OBJC_IMPLEMENTATIONS = YES;
				CLANG_WARN_DIRECT_OBJC_ISA_USAGE = YES_ERROR;
				CLANG_WARN_EMPTY_BODY = YES;
				CLANG_WARN_ENUM_CONVERSION = YES;
				CLANG_WARN_INFINITE_RECURSION = YES;
				CLANG_WARN_INT_CONVERSION = YES;
				CLANG_WARN_NON_LITERAL_NULL_CONVERSION = YES;
				CLANG_WARN_OBJC_IMPLICIT_RETAIN_SELF = YES;
				CLANG_WARN_OBJC_LITERAL_CONVERSION = YES;
				CLANG_WARN_OBJC_ROOT_CLASS = YES_ERROR;
				CLANG_WARN_RANGE_LOOP_ANALYSIS = YES;
				CLANG_WARN_STRICT_PROTOTYPES = YES;
				CLANG_WARN_SUSPICIOUS_MOVE = YES;
				CLANG_WARN_UNREACHABLE_CODE = YES;
				CLANG_WARN__DUPLICATE_METHOD_MATCH = YES;
				"CODE_SIGN_IDENTITY[sdk=iphoneos*]" = "iPhone Developer";
				COPY_PHASE_STRIP = NO;
				DEBUG_INFORMATION_FORMAT = "dwarf-with-dsym";
				ENABLE_NS_ASSERTIONS = NO;
				ENABLE_STRICT_OBJC_MSGSEND = YES;
				GCC_C_LANGUAGE_STANDARD = gnu99;
				GCC_NO_COMMON_BLOCKS = YES;
				GCC_WARN_64_TO_32_BIT_CONVERSION = YES;
				GCC_WARN_ABOUT_RETURN_TYPE = YES_ERROR;
				GCC_WARN_UNDECLARED_SELECTOR = YES;
				GCC_WARN_UNINITIALIZED_AUTOS = YES_AGGRESSIVE;
				GCC_WARN_UNUSED_FUNCTION = YES;
				GCC_WARN_UNUSED_VARIABLE = YES;
				IPHONEOS_DEPLOYMENT_TARGET = 12.0;
				MTL_ENABLE_DEBUG_INFO = NO;
				SDKROOT = iphoneos;
				SWIFT_OPTIMIZATION_LEVEL = "-Owholemodule";
				TARGETED_DEVICE_FAMILY = "1,2";
				VALIDATE_PRODUCT = YES;
			};
			name = Release;
		};
		7412E03F1D58E3B30086DD94 /* Debug */ = {
			isa = XCBuildConfiguration;
			baseConfigurationReference = 72FFC05BE2E43CAB797CEBA3 /* Pods-PokemonKit-Example.debug.xcconfig */;
			buildSettings = {
				ALWAYS_EMBED_SWIFT_STANDARD_LIBRARIES = YES;
				ASSETCATALOG_COMPILER_APPICON_NAME = AppIcon;
				DEVELOPMENT_TEAM = "";
				INFOPLIST_FILE = "PokemonKit-Example/Info.plist";
				IPHONEOS_DEPLOYMENT_TARGET = 12.0;
				LD_RUNPATH_SEARCH_PATHS = "$(inherited) @executable_path/Frameworks";
				PRODUCT_BUNDLE_IDENTIFIER = "com.darkcl.PokemonKit-Example";
				PRODUCT_NAME = "$(TARGET_NAME)";
				SWIFT_VERSION = 4.2;
			};
			name = Debug;
		};
		7412E0401D58E3B30086DD94 /* Release */ = {
			isa = XCBuildConfiguration;
			baseConfigurationReference = D0B6E3CE15B727DAA3964B16 /* Pods-PokemonKit-Example.release.xcconfig */;
			buildSettings = {
				ALWAYS_EMBED_SWIFT_STANDARD_LIBRARIES = YES;
				ASSETCATALOG_COMPILER_APPICON_NAME = AppIcon;
				DEVELOPMENT_TEAM = "";
				INFOPLIST_FILE = "PokemonKit-Example/Info.plist";
				IPHONEOS_DEPLOYMENT_TARGET = 12.0;
				LD_RUNPATH_SEARCH_PATHS = "$(inherited) @executable_path/Frameworks";
				PRODUCT_BUNDLE_IDENTIFIER = "com.darkcl.PokemonKit-Example";
				PRODUCT_NAME = "$(TARGET_NAME)";
				SWIFT_VERSION = 4.2;
			};
			name = Release;
		};
		7412E0421D58E3B30086DD94 /* Debug */ = {
			isa = XCBuildConfiguration;
			buildSettings = {
				BUNDLE_LOADER = "$(TEST_HOST)";
				INFOPLIST_FILE = "PokemonKit-ExampleTests/Info.plist";
				LD_RUNPATH_SEARCH_PATHS = "$(inherited) @executable_path/Frameworks @loader_path/Frameworks";
				PRODUCT_BUNDLE_IDENTIFIER = "com.darkcl.PokemonKit-ExampleTests";
				PRODUCT_NAME = "$(TARGET_NAME)";
				SWIFT_VERSION = 4.2;
				TEST_HOST = "$(BUILT_PRODUCTS_DIR)/PokemonKit-Example.app/PokemonKit-Example";
			};
			name = Debug;
		};
		7412E0431D58E3B30086DD94 /* Release */ = {
			isa = XCBuildConfiguration;
			buildSettings = {
				BUNDLE_LOADER = "$(TEST_HOST)";
				INFOPLIST_FILE = "PokemonKit-ExampleTests/Info.plist";
				LD_RUNPATH_SEARCH_PATHS = "$(inherited) @executable_path/Frameworks @loader_path/Frameworks";
				PRODUCT_BUNDLE_IDENTIFIER = "com.darkcl.PokemonKit-ExampleTests";
				PRODUCT_NAME = "$(TARGET_NAME)";
				SWIFT_VERSION = 4.2;
				TEST_HOST = "$(BUILT_PRODUCTS_DIR)/PokemonKit-Example.app/PokemonKit-Example";
			};
			name = Release;
		};
		7412E0451D58E3B30086DD94 /* Debug */ = {
			isa = XCBuildConfiguration;
			buildSettings = {
				INFOPLIST_FILE = "PokemonKit-ExampleUITests/Info.plist";
				LD_RUNPATH_SEARCH_PATHS = "$(inherited) @executable_path/Frameworks @loader_path/Frameworks";
				PRODUCT_BUNDLE_IDENTIFIER = "com.darkcl.PokemonKit-ExampleUITests";
				PRODUCT_NAME = "$(TARGET_NAME)";
				SWIFT_VERSION = 4.2;
				TEST_TARGET_NAME = "PokemonKit-Example";
			};
			name = Debug;
		};
		7412E0461D58E3B30086DD94 /* Release */ = {
			isa = XCBuildConfiguration;
			buildSettings = {
				INFOPLIST_FILE = "PokemonKit-ExampleUITests/Info.plist";
				LD_RUNPATH_SEARCH_PATHS = "$(inherited) @executable_path/Frameworks @loader_path/Frameworks";
				PRODUCT_BUNDLE_IDENTIFIER = "com.darkcl.PokemonKit-ExampleUITests";
				PRODUCT_NAME = "$(TARGET_NAME)";
				SWIFT_VERSION = 4.2;
				TEST_TARGET_NAME = "PokemonKit-Example";
			};
			name = Release;
		};
/* End XCBuildConfiguration section */

/* Begin XCConfigurationList section */
		7412E0111D58E3B30086DD94 /* Build configuration list for PBXProject "PokemonKit-Example" */ = {
			isa = XCConfigurationList;
			buildConfigurations = (
				7412E03C1D58E3B30086DD94 /* Debug */,
				7412E03D1D58E3B30086DD94 /* Release */,
			);
			defaultConfigurationIsVisible = 0;
			defaultConfigurationName = Release;
		};
		7412E03E1D58E3B30086DD94 /* Build configuration list for PBXNativeTarget "PokemonKit-Example" */ = {
			isa = XCConfigurationList;
			buildConfigurations = (
				7412E03F1D58E3B30086DD94 /* Debug */,
				7412E0401D58E3B30086DD94 /* Release */,
			);
			defaultConfigurationIsVisible = 0;
			defaultConfigurationName = Release;
		};
		7412E0411D58E3B30086DD94 /* Build configuration list for PBXNativeTarget "PokemonKit-ExampleTests" */ = {
			isa = XCConfigurationList;
			buildConfigurations = (
				7412E0421D58E3B30086DD94 /* Debug */,
				7412E0431D58E3B30086DD94 /* Release */,
			);
			defaultConfigurationIsVisible = 0;
			defaultConfigurationName = Release;
		};
		7412E0441D58E3B30086DD94 /* Build configuration list for PBXNativeTarget "PokemonKit-ExampleUITests" */ = {
			isa = XCConfigurationList;
			buildConfigurations = (
				7412E0451D58E3B30086DD94 /* Debug */,
				7412E0461D58E3B30086DD94 /* Release */,
			);
			defaultConfigurationIsVisible = 0;
			defaultConfigurationName = Release;
		};
/* End XCConfigurationList section */
	};
	rootObject = 7412E00E1D58E3B30086DD94 /* Project object */;
}
